
Microsoft Visual Studio Solution File, Format Version 12.00
# Visual Studio 15
VisualStudioVersion = 15.0.27130.2024
MinimumVisualStudioVersion = 10.0.40219.1
Project("{FAE04EC0-301F-11D3-BF4B-00C04F79EFBC}") = "DiscordBotGuardian", "DiscordBotGuardian\DiscordBotGuardian.csproj", "{EC4633A9-C480-477C-B625-855A731E6C68}"
EndProject
Global
	GlobalSection(SolutionConfigurationPlatforms) = preSolution
		Debug|Any CPU = Debug|Any CPU
		Release|Any CPU = Release|Any CPU
	EndGlobalSection
	GlobalSection(ProjectConfigurationPlatforms) = postSolution
		{EC4633A9-C480-477C-B625-855A731E6C68}.Debug|Any CPU.ActiveCfg = Debug|Any CPU
		{EC4633A9-C480-477C-B625-855A731E6C68}.Debug|Any CPU.Build.0 = Debug|Any CPU
		{EC4633A9-C480-477C-B625-855A731E6C68}.Release|Any CPU.ActiveCfg = Release|Any CPU
		{EC4633A9-C480-477C-B625-855A731E6C68}.Release|Any CPU.Build.0 = Release|Any CPU
	EndGlobalSection
	GlobalSection(SolutionProperties) = preSolution
		HideSolutionNode = FALSE
	EndGlobalSection
	GlobalSection(ExtensibilityGlobals) = postSolution
		SolutionGuid = {CBD0AFEF-D0BD-4B14-A1C5-BC83B07F951E}
	EndGlobalSection
EndGlobal
